
Microsoft Visual Studio Solution File, Format Version 12.00
# Visual Studio 14
VisualStudioVersion = 14.0.25420.1
MinimumVisualStudioVersion = 10.0.40219.1
Project("{FAE04EC0-301F-11D3-BF4B-00C04F79EFBC}") = "ForTest", "ForTest\ForTest.csproj", "{98E177BC-391E-4848-9038-2B0136FB5EB4}"
EndProject
Project("{FAE04EC0-301F-11D3-BF4B-00C04F79EFBC}") = "2016-03-15DIStudy", "2016-03-15DIStudy\2016-03-15DIStudy.csproj", "{D82BF10A-517E-4F3C-8A86-15A00AE03D14}"
EndProject
Project("{FAE04EC0-301F-11D3-BF4B-00C04F79EFBC}") = "2016-03-16答疑系统", "2016-03-16答疑系统\2016-03-16答疑系统.csproj", "{197D31FE-F42C-46AB-B030-6CC6EE3AE6FF}"
EndProject
Project("{FAE04EC0-301F-11D3-BF4B-00C04F79EFBC}") = "2016-03-22LinqStudy", "2016-03-22LinqStudy\2016-03-22LinqStudy.csproj", "{282FA97F-4B41-4717-9AB5-2A024E921DC5}"
EndProject
Project("{FAE04EC0-301F-11D3-BF4B-00C04F79EFBC}") = "2016-03-15DIStudy.Lib", "2016-03-15DIStudy.Lib\2016-03-15DIStudy.Lib.csproj", "{ED88B014-B3C1-4A27-9275-2F17285A1311}"
EndProject
Project("{FAE04EC0-301F-11D3-BF4B-00C04F79EFBC}") = "2016-03-23AsposeStudy", "Aspose\2016-03-23AsposeStudy.csproj", "{100D4F6F-185F-402C-96B3-AF33336A2D50}"
EndProject
Project("{FAE04EC0-301F-11D3-BF4B-00C04F79EFBC}") = "2016-04-01HtmlAgilityPack", "2016-04-01HtmlAgilityPack\2016-04-01HtmlAgilityPack.csproj", "{7C9670C4-DEFF-4992-9280-AA933CA2FEFD}"
EndProject
Project("{FAE04EC0-301F-11D3-BF4B-00C04F79EFBC}") = "2016-04-06 JSONP Study", "2016-04-06 JSONP Study\2016-04-06 JSONP Study.csproj", "{D747760F-070C-4FB7-A9AA-A76F9D0913E8}"
EndProject
Project("{FAE04EC0-301F-11D3-BF4B-00C04F79EFBC}") = "2016-04-08 异步Task学习", "2016-04-08 异步Task学习\2016-04-08 异步Task学习.csproj", "{9C7FFC9C-68A7-4C58-866D-0A007DFA9324}"
EndProject
Project("{FAE04EC0-301F-11D3-BF4B-00C04F79EFBC}") = "2016-04-11 学科网M站重写测试站点", "2016-04-11 学科网M站重写测试站点\2016-04-11 学科网M站重写测试站点.csproj", "{3A0A52CE-D0E1-49F3-BF3E-A689A84687CB}"
EndProject
Project("{FAE04EC0-301F-11D3-BF4B-00C04F79EFBC}") = "2016-04-17 EmitMapperStudy", "2016-04-17 EmitMapperStudy\2016-04-17 EmitMapperStudy.csproj", "{6E00F436-BF02-444E-83C1-3968CE262B06}"
EndProject
Project("{8BB2217D-0F2D-49D1-97BC-3654ED321F3B}") = "2016-04-20 延迟加载", "2016-04-20 延迟加载\2016-04-20 延迟加载.xproj", "{8FEFB7B4-79EA-4D82-9230-073487F91AAE}"
EndProject
Project("{FAE04EC0-301F-11D3-BF4B-00C04F79EFBC}") = "2016-04-21 System.Runtime.Caching Study", "2016-04-21 System.Runtime.Caching Study\2016-04-21 System.Runtime.Caching Study.csproj", "{C05E5775-2A88-47ED-8A6C-83B536CB80DF}"
EndProject
Project("{FAE04EC0-301F-11D3-BF4B-00C04F79EFBC}") = "2016-03-15DIStudy.Console", "2016-03-15DIStudy.Console\2016-03-15DIStudy.Console.csproj", "{A3253301-8DC0-4439-89EF-09A2C444B5EB}"
EndProject
Project("{FAE04EC0-301F-11D3-BF4B-00C04F79EFBC}") = "2016-05-06 LayeredMvcDemo.Domain", "2016-05-06 LayeredMvcDemo.Domain\2016-05-06 LayeredMvcDemo.Domain.csproj", "{3AA8E781-0F81-427A-941F-F422C720F252}"
EndProject
Project("{FAE04EC0-301F-11D3-BF4B-00C04F79EFBC}") = "2016-05-06 LayeredMvcDemo.DataAccess", "2016-05-06 LayeredMvcDemo.DataAccess\2016-05-06 LayeredMvcDemo.DataAccess.csproj", "{FCF2DEDD-58A5-48F3-834A-5F8072916C95}"
EndProject
Project("{FAE04EC0-301F-11D3-BF4B-00C04F79EFBC}") = "2016-05-06 LayeredMvcDemo.Application", "2016-05-06 LayeredMvcDemo.Application\2016-05-06 LayeredMvcDemo.Application.csproj", "{1102F3CF-B878-4B05-9C04-775C3CF297A9}"
EndProject
Project("{FAE04EC0-301F-11D3-BF4B-00C04F79EFBC}") = "2016-05-06 LayeredMvcDemo.Web", "2016-05-06 LayeredMvcDemo.Web\2016-05-06 LayeredMvcDemo.Web.csproj", "{D818E334-0975-4EE0-B989-2A3C2A8D14B5}"
EndProject
Project("{FAE04EC0-301F-11D3-BF4B-00C04F79EFBC}") = "2016-05-10 Unity", "2016-05-10 Unity\2016-05-10 Unity.csproj", "{61DC2CE7-534C-40B3-9536-666BD1A818A3}"
EndProject
Project("{FAE04EC0-301F-11D3-BF4B-00C04F79EFBC}") = "2016-05-13 HeabConsoleApp", "2016-05-13 HeabConsoleApp\2016-05-13 HeabConsoleApp.csproj", "{C0FD6D11-23DF-4D1D-9547-D826788A75BC}"
EndProject
Project("{FAE04EC0-301F-11D3-BF4B-00C04F79EFBC}") = "Common", "Common\Common.csproj", "{46D29553-2962-4B6D-843A-68FE6C900006}"
EndProject
Project("{FAE04EC0-301F-11D3-BF4B-00C04F79EFBC}") = "2016-05-17 HttpClientStudy", "2016-05-17 HttpClientStudy\2016-05-17 HttpClientStudy.csproj", "{58CCE9B1-FAE3-4925-9E10-084B165EE542}"
EndProject
Project("{FAE04EC0-301F-11D3-BF4B-00C04F79EFBC}") = "Hesinx", "Hesinx\Hesinx.csproj", "{1DB9E9D2-F63A-43C4-85EE-816A00E79B2A}"
EndProject
Project("{FAE04EC0-301F-11D3-BF4B-00C04F79EFBC}") = "Hesinx.UnitTest", "Hesinx.UnitTest\Hesinx.UnitTest.csproj", "{EE695AEB-BEE4-41B4-A457-E033993154C4}"
EndProject
Project("{FAE04EC0-301F-11D3-BF4B-00C04F79EFBC}") = "2016-06-02 图片压缩", "2016-06-02 图片压缩\2016-06-02 图片压缩.csproj", "{04355F6B-B90B-48C4-8823-F18CD1573EE8}"
EndProject
Project("{FAE04EC0-301F-11D3-BF4B-00C04F79EFBC}") = "2016-06-12 队列处理图片回收", "2016-06-12 队列处理图片回收\2016-06-12 队列处理图片回收.csproj", "{1F1F3608-E6CB-4A0D-AD47-B86A5F494957}"
EndProject
Project("{FAE04EC0-301F-11D3-BF4B-00C04F79EFBC}") = "2016-06-15 预览站点", "2016-06-15 预览站点\2016-06-15 预览站点.csproj", "{ECD7488A-6B23-4C0E-AB72-C36A2552FE13}"
EndProject
Project("{FAE04EC0-301F-11D3-BF4B-00C04F79EFBC}") = "2016-06-23 RabbitMQ生产者", "2016-06-23 RabbitMQ生产者\2016-06-23 RabbitMQ生产者.csproj", "{7D9220A8-46FE-413A-BD14-49BB403C0477}"
EndProject
Project("{FAE04EC0-301F-11D3-BF4B-00C04F79EFBC}") = "2016-06-23 RabbitMQ消费者", "2016-06-23 RabbitMQ消费者\2016-06-23 RabbitMQ消费者.csproj", "{39E1D9AD-17CE-4B44-B47B-D18FDD8CB510}"
EndProject
Project("{FAE04EC0-301F-11D3-BF4B-00C04F79EFBC}") = "2016-07-05 M站评论", "2016-07-05 M站评论\2016-07-05 M站评论.csproj", "{FD90BA23-6554-492F-B2AB-B3360A73A61B}"
EndProject
Project("{FAE04EC0-301F-11D3-BF4B-00C04F79EFBC}") = "2016-07-07 M站下载测试", "2016-07-07 M站下载测试\2016-07-07 M站下载测试.csproj", "{796A3673-4E7A-49C8-8BE1-B175B61C40F9}"
EndProject
Project("{FAE04EC0-301F-11D3-BF4B-00C04F79EFBC}") = "2016-07-08 M站Cookie的Aspoo解析", "2016-07-08 M站Cookie的Aspoo解析\2016-07-08 M站Cookie的Aspoo解析.csproj", "{5C440484-A48E-46EF-99F1-393DF285588E}"
EndProject
Project("{FAE04EC0-301F-11D3-BF4B-00C04F79EFBC}") = "2016-07-13 正则学习", "2016-07-13 正则学习\2016-07-13 正则学习.csproj", "{AE0C4A55-C6AF-46D9-93A3-85D443820FD4}"
EndProject
Project("{FAE04EC0-301F-11D3-BF4B-00C04F79EFBC}") = "2016-07-21 暴力麻将", "2016-07-21 暴力麻将\2016-07-21 暴力麻将.csproj", "{9027643C-E7B8-40F7-9A54-51B59735DD76}"
EndProject
Project("{FAE04EC0-301F-11D3-BF4B-00C04F79EFBC}") = "2016-08-08 Md5", "2016-08-08 Md5\2016-08-08 Md5.csproj", "{FF655CFA-9100-4C75-AA27-DAC6C096BE19}"
EndProject
Project("{FAE04EC0-301F-11D3-BF4B-00C04F79EFBC}") = "2016-08-23 DotNetConsole", "2016-08-23 DotNetConsole\2016-08-23 DotNetConsole.csproj", "{AE563214-6C91-4F65-BB8F-A69A3150AA25}"
EndProject
Project("{FAE04EC0-301F-11D3-BF4B-00C04F79EFBC}") = "2016-08-31 Topself 创建Windows服务", "2016-08-31 Topself 创建Windows服务\2016-08-31 Topself 创建Windows服务.csproj", "{6B4E5EB0-DA25-4FBC-83E0-18725EB6F532}"
EndProject
Project("{8BB2217D-0F2D-49D1-97BC-3654ED321F3B}") = "2016-09-13_As平NetCoreDataAnnotation", "2016-09-13_As平NetCoreDataAnnotation\2016-09-13_As平NetCoreDataAnnotation.xproj", "{14706A14-42B2-49C0-B9AA-4186523C7CB3}"
EndProject
Project("{8BB2217D-0F2D-49D1-97BC-3654ED321F3B}") = "2016-09-14_AspNetCore_Identity", "2016-09-14_AspNetCore_Identity\2016-09-14_AspNetCore_Identity.xproj", "{BD0221BF-9799-4DA8-BEC8-348D1ADD834D}"
EndProject
Project("{8BB2217D-0F2D-49D1-97BC-3654ED321F3B}") = "2016-09-14_AspNetCore_Default_Identity", "2016-09-14_AspNetCore_Default_Identity\2016-09-14_AspNetCore_Default_Identity.xproj", "{A31F5B99-C2DB-4162-B9B5-2EF4F623D050}"
EndProject
Project("{8BB2217D-0F2D-49D1-97BC-3654ED321F3B}") = "2016-09-21_Vue_Router", "2016-09-21_Vue_Router\2016-09-21_Vue_Router.xproj", "{5209369C-442F-4A39-A68D-21EC872D3065}"
EndProject
Project("{8BB2217D-0F2D-49D1-97BC-3654ED321F3B}") = "2016-09-22_任务执行服务", "2016-09-22_任务执行服务\2016-09-22_任务执行服务.xproj", "{A0754F9E-7D8D-4CFE-B2E3-94651098CE8F}"
EndProject
Project("{8BB2217D-0F2D-49D1-97BC-3654ED321F3B}") = "2016-09-27_System.Linq.IGrouping", "2016-09-27_System.Linq.IGrouping\2016-09-27_System.Linq.IGrouping.xproj", "{DC5F3426-823C-408C-8DB4-E7259155BB68}"
EndProject
Project("{FAE04EC0-301F-11D3-BF4B-00C04F79EFBC}") = "2016-09-28 System.Linq.Grouping", "2016-09-28 System.Linq.Grouping\2016-09-28 System.Linq.Grouping.csproj", "{5971A260-CE21-4D9D-AE85-FE6019DD2931}"
EndProject
Project("{8BB2217D-0F2D-49D1-97BC-3654ED321F3B}") = "2016-11-10_Zxxk", "2016-11-10_Zxxk\2016-11-10_Zxxk.xproj", "{5BDF8C41-CB71-40B6-9EC6-F850B528D78B}"
EndProject
Project("{8BB2217D-0F2D-49D1-97BC-3654ED321F3B}") = "2016-11-25_Zxxk.Wxt.Dal", "2016-11-25_Zxxk.Wxt.Dal\2016-11-25_Zxxk.Wxt.Dal.xproj", "{C039E9A0-7504-4815-8448-D2FF41370426}"
EndProject
Global
	GlobalSection(SolutionConfigurationPlatforms) = preSolution
		Debug|Any CPU = Debug|Any CPU
		Release|Any CPU = Release|Any CPU
	EndGlobalSection
	GlobalSection(ProjectConfigurationPlatforms) = postSolution
		{98E177BC-391E-4848-9038-2B0136FB5EB4}.Debug|Any CPU.ActiveCfg = Debug|Any CPU
		{98E177BC-391E-4848-9038-2B0136FB5EB4}.Debug|Any CPU.Build.0 = Debug|Any CPU
		{98E177BC-391E-4848-9038-2B0136FB5EB4}.Release|Any CPU.ActiveCfg = Release|Any CPU
		{98E177BC-391E-4848-9038-2B0136FB5EB4}.Release|Any CPU.Build.0 = Release|Any CPU
		{D82BF10A-517E-4F3C-8A86-15A00AE03D14}.Debug|Any CPU.ActiveCfg = Debug|Any CPU
		{D82BF10A-517E-4F3C-8A86-15A00AE03D14}.Debug|Any CPU.Build.0 = Debug|Any CPU
		{D82BF10A-517E-4F3C-8A86-15A00AE03D14}.Release|Any CPU.ActiveCfg = Release|Any CPU
		{D82BF10A-517E-4F3C-8A86-15A00AE03D14}.Release|Any CPU.Build.0 = Release|Any CPU
		{197D31FE-F42C-46AB-B030-6CC6EE3AE6FF}.Debug|Any CPU.ActiveCfg = Debug|Any CPU
		{197D31FE-F42C-46AB-B030-6CC6EE3AE6FF}.Debug|Any CPU.Build.0 = Debug|Any CPU
		{197D31FE-F42C-46AB-B030-6CC6EE3AE6FF}.Release|Any CPU.ActiveCfg = Release|Any CPU
		{197D31FE-F42C-46AB-B030-6CC6EE3AE6FF}.Release|Any CPU.Build.0 = Release|Any CPU
		{282FA97F-4B41-4717-9AB5-2A024E921DC5}.Debug|Any CPU.ActiveCfg = Debug|Any CPU
		{282FA97F-4B41-4717-9AB5-2A024E921DC5}.Debug|Any CPU.Build.0 = Debug|Any CPU
		{282FA97F-4B41-4717-9AB5-2A024E921DC5}.Release|Any CPU.ActiveCfg = Release|Any CPU
		{282FA97F-4B41-4717-9AB5-2A024E921DC5}.Release|Any CPU.Build.0 = Release|Any CPU
		{ED88B014-B3C1-4A27-9275-2F17285A1311}.Debug|Any CPU.ActiveCfg = Debug|Any CPU
		{ED88B014-B3C1-4A27-9275-2F17285A1311}.Debug|Any CPU.Build.0 = Debug|Any CPU
		{ED88B014-B3C1-4A27-9275-2F17285A1311}.Release|Any CPU.ActiveCfg = Release|Any CPU
		{ED88B014-B3C1-4A27-9275-2F17285A1311}.Release|Any CPU.Build.0 = Release|Any CPU
		{100D4F6F-185F-402C-96B3-AF33336A2D50}.Debug|Any CPU.ActiveCfg = Debug|Any CPU
		{100D4F6F-185F-402C-96B3-AF33336A2D50}.Debug|Any CPU.Build.0 = Debug|Any CPU
		{100D4F6F-185F-402C-96B3-AF33336A2D50}.Release|Any CPU.ActiveCfg = Release|Any CPU
		{100D4F6F-185F-402C-96B3-AF33336A2D50}.Release|Any CPU.Build.0 = Release|Any CPU
		{7C9670C4-DEFF-4992-9280-AA933CA2FEFD}.Debug|Any CPU.ActiveCfg = Debug|Any CPU
		{7C9670C4-DEFF-4992-9280-AA933CA2FEFD}.Debug|Any CPU.Build.0 = Debug|Any CPU
		{7C9670C4-DEFF-4992-9280-AA933CA2FEFD}.Release|Any CPU.ActiveCfg = Release|Any CPU
		{7C9670C4-DEFF-4992-9280-AA933CA2FEFD}.Release|Any CPU.Build.0 = Release|Any CPU
		{D747760F-070C-4FB7-A9AA-A76F9D0913E8}.Debug|Any CPU.ActiveCfg = Debug|Any CPU
		{D747760F-070C-4FB7-A9AA-A76F9D0913E8}.Debug|Any CPU.Build.0 = Debug|Any CPU
		{D747760F-070C-4FB7-A9AA-A76F9D0913E8}.Release|Any CPU.ActiveCfg = Release|Any CPU
		{D747760F-070C-4FB7-A9AA-A76F9D0913E8}.Release|Any CPU.Build.0 = Release|Any CPU
		{9C7FFC9C-68A7-4C58-866D-0A007DFA9324}.Debug|Any CPU.ActiveCfg = Debug|Any CPU
		{9C7FFC9C-68A7-4C58-866D-0A007DFA9324}.Debug|Any CPU.Build.0 = Debug|Any CPU
		{9C7FFC9C-68A7-4C58-866D-0A007DFA9324}.Release|Any CPU.ActiveCfg = Release|Any CPU
		{9C7FFC9C-68A7-4C58-866D-0A007DFA9324}.Release|Any CPU.Build.0 = Release|Any CPU
		{3A0A52CE-D0E1-49F3-BF3E-A689A84687CB}.Debug|Any CPU.ActiveCfg = Debug|Any CPU
		{3A0A52CE-D0E1-49F3-BF3E-A689A84687CB}.Debug|Any CPU.Build.0 = Debug|Any CPU
		{3A0A52CE-D0E1-49F3-BF3E-A689A84687CB}.Release|Any CPU.ActiveCfg = Release|Any CPU
		{3A0A52CE-D0E1-49F3-BF3E-A689A84687CB}.Release|Any CPU.Build.0 = Release|Any CPU
		{6E00F436-BF02-444E-83C1-3968CE262B06}.Debug|Any CPU.ActiveCfg = Debug|Any CPU
		{6E00F436-BF02-444E-83C1-3968CE262B06}.Debug|Any CPU.Build.0 = Debug|Any CPU
		{6E00F436-BF02-444E-83C1-3968CE262B06}.Release|Any CPU.ActiveCfg = Release|Any CPU
		{6E00F436-BF02-444E-83C1-3968CE262B06}.Release|Any CPU.Build.0 = Release|Any CPU
		{8FEFB7B4-79EA-4D82-9230-073487F91AAE}.Debug|Any CPU.ActiveCfg = Debug|Any CPU
		{8FEFB7B4-79EA-4D82-9230-073487F91AAE}.Debug|Any CPU.Build.0 = Debug|Any CPU
		{8FEFB7B4-79EA-4D82-9230-073487F91AAE}.Release|Any CPU.ActiveCfg = Release|Any CPU
		{8FEFB7B4-79EA-4D82-9230-073487F91AAE}.Release|Any CPU.Build.0 = Release|Any CPU
		{C05E5775-2A88-47ED-8A6C-83B536CB80DF}.Debug|Any CPU.ActiveCfg = Debug|Any CPU
		{C05E5775-2A88-47ED-8A6C-83B536CB80DF}.Debug|Any CPU.Build.0 = Debug|Any CPU
		{C05E5775-2A88-47ED-8A6C-83B536CB80DF}.Release|Any CPU.ActiveCfg = Release|Any CPU
		{C05E5775-2A88-47ED-8A6C-83B536CB80DF}.Release|Any CPU.Build.0 = Release|Any CPU
		{A3253301-8DC0-4439-89EF-09A2C444B5EB}.Debug|Any CPU.ActiveCfg = Debug|Any CPU
		{A3253301-8DC0-4439-89EF-09A2C444B5EB}.Debug|Any CPU.Build.0 = Debug|Any CPU
		{A3253301-8DC0-4439-89EF-09A2C444B5EB}.Release|Any CPU.ActiveCfg = Release|Any CPU
		{A3253301-8DC0-4439-89EF-09A2C444B5EB}.Release|Any CPU.Build.0 = Release|Any CPU
		{3AA8E781-0F81-427A-941F-F422C720F252}.Debug|Any CPU.ActiveCfg = Debug|Any CPU
		{3AA8E781-0F81-427A-941F-F422C720F252}.Debug|Any CPU.Build.0 = Debug|Any CPU
		{3AA8E781-0F81-427A-941F-F422C720F252}.Release|Any CPU.ActiveCfg = Release|Any CPU
		{3AA8E781-0F81-427A-941F-F422C720F252}.Release|Any CPU.Build.0 = Release|Any CPU
		{FCF2DEDD-58A5-48F3-834A-5F8072916C95}.Debug|Any CPU.ActiveCfg = Debug|Any CPU
		{FCF2DEDD-58A5-48F3-834A-5F8072916C95}.Debug|Any CPU.Build.0 = Debug|Any CPU
		{FCF2DEDD-58A5-48F3-834A-5F8072916C95}.Release|Any CPU.ActiveCfg = Release|Any CPU
		{FCF2DEDD-58A5-48F3-834A-5F8072916C95}.Release|Any CPU.Build.0 = Release|Any CPU
		{1102F3CF-B878-4B05-9C04-775C3CF297A9}.Debug|Any CPU.ActiveCfg = Debug|Any CPU
		{1102F3CF-B878-4B05-9C04-775C3CF297A9}.Debug|Any CPU.Build.0 = Debug|Any CPU
		{1102F3CF-B878-4B05-9C04-775C3CF297A9}.Release|Any CPU.ActiveCfg = Release|Any CPU
		{1102F3CF-B878-4B05-9C04-775C3CF297A9}.Release|Any CPU.Build.0 = Release|Any CPU
		{D818E334-0975-4EE0-B989-2A3C2A8D14B5}.Debug|Any CPU.ActiveCfg = Debug|Any CPU
		{D818E334-0975-4EE0-B989-2A3C2A8D14B5}.Debug|Any CPU.Build.0 = Debug|Any CPU
		{D818E334-0975-4EE0-B989-2A3C2A8D14B5}.Release|Any CPU.ActiveCfg = Release|Any CPU
		{D818E334-0975-4EE0-B989-2A3C2A8D14B5}.Release|Any CPU.Build.0 = Release|Any CPU
		{61DC2CE7-534C-40B3-9536-666BD1A818A3}.Debug|Any CPU.ActiveCfg = Debug|Any CPU
		{61DC2CE7-534C-40B3-9536-666BD1A818A3}.Debug|Any CPU.Build.0 = Debug|Any CPU
		{61DC2CE7-534C-40B3-9536-666BD1A818A3}.Release|Any CPU.ActiveCfg = Release|Any CPU
		{61DC2CE7-534C-40B3-9536-666BD1A818A3}.Release|Any CPU.Build.0 = Release|Any CPU
		{C0FD6D11-23DF-4D1D-9547-D826788A75BC}.Debug|Any CPU.ActiveCfg = Debug|Any CPU
		{C0FD6D11-23DF-4D1D-9547-D826788A75BC}.Debug|Any CPU.Build.0 = Debug|Any CPU
		{C0FD6D11-23DF-4D1D-9547-D826788A75BC}.Release|Any CPU.ActiveCfg = Release|Any CPU
		{C0FD6D11-23DF-4D1D-9547-D826788A75BC}.Release|Any CPU.Build.0 = Release|Any CPU
		{46D29553-2962-4B6D-843A-68FE6C900006}.Debug|Any CPU.ActiveCfg = Debug|Any CPU
		{46D29553-2962-4B6D-843A-68FE6C900006}.Debug|Any CPU.Build.0 = Debug|Any CPU
		{46D29553-2962-4B6D-843A-68FE6C900006}.Release|Any CPU.ActiveCfg = Release|Any CPU
		{46D29553-2962-4B6D-843A-68FE6C900006}.Release|Any CPU.Build.0 = Release|Any CPU
		{58CCE9B1-FAE3-4925-9E10-084B165EE542}.Debug|Any CPU.ActiveCfg = Debug|Any CPU
		{58CCE9B1-FAE3-4925-9E10-084B165EE542}.Debug|Any CPU.Build.0 = Debug|Any CPU
		{58CCE9B1-FAE3-4925-9E10-084B165EE542}.Release|Any CPU.ActiveCfg = Release|Any CPU
		{58CCE9B1-FAE3-4925-9E10-084B165EE542}.Release|Any CPU.Build.0 = Release|Any CPU
		{1DB9E9D2-F63A-43C4-85EE-816A00E79B2A}.Debug|Any CPU.ActiveCfg = Debug|Any CPU
		{1DB9E9D2-F63A-43C4-85EE-816A00E79B2A}.Debug|Any CPU.Build.0 = Debug|Any CPU
		{1DB9E9D2-F63A-43C4-85EE-816A00E79B2A}.Release|Any CPU.ActiveCfg = Release|Any CPU
		{1DB9E9D2-F63A-43C4-85EE-816A00E79B2A}.Release|Any CPU.Build.0 = Release|Any CPU
		{EE695AEB-BEE4-41B4-A457-E033993154C4}.Debug|Any CPU.ActiveCfg = Debug|Any CPU
		{EE695AEB-BEE4-41B4-A457-E033993154C4}.Debug|Any CPU.Build.0 = Debug|Any CPU
		{EE695AEB-BEE4-41B4-A457-E033993154C4}.Release|Any CPU.ActiveCfg = Release|Any CPU
		{EE695AEB-BEE4-41B4-A457-E033993154C4}.Release|Any CPU.Build.0 = Release|Any CPU
		{04355F6B-B90B-48C4-8823-F18CD1573EE8}.Debug|Any CPU.ActiveCfg = Debug|Any CPU
		{04355F6B-B90B-48C4-8823-F18CD1573EE8}.Debug|Any CPU.Build.0 = Debug|Any CPU
		{04355F6B-B90B-48C4-8823-F18CD1573EE8}.Release|Any CPU.ActiveCfg = Release|Any CPU
		{04355F6B-B90B-48C4-8823-F18CD1573EE8}.Release|Any CPU.Build.0 = Release|Any CPU
		{1F1F3608-E6CB-4A0D-AD47-B86A5F494957}.Debug|Any CPU.ActiveCfg = Debug|Any CPU
		{1F1F3608-E6CB-4A0D-AD47-B86A5F494957}.Debug|Any CPU.Build.0 = Debug|Any CPU
		{1F1F3608-E6CB-4A0D-AD47-B86A5F494957}.Release|Any CPU.ActiveCfg = Release|Any CPU
		{1F1F3608-E6CB-4A0D-AD47-B86A5F494957}.Release|Any CPU.Build.0 = Release|Any CPU
		{ECD7488A-6B23-4C0E-AB72-C36A2552FE13}.Debug|Any CPU.ActiveCfg = Debug|Any CPU
		{ECD7488A-6B23-4C0E-AB72-C36A2552FE13}.Debug|Any CPU.Build.0 = Debug|Any CPU
		{ECD7488A-6B23-4C0E-AB72-C36A2552FE13}.Release|Any CPU.ActiveCfg = Release|Any CPU
		{ECD7488A-6B23-4C0E-AB72-C36A2552FE13}.Release|Any CPU.Build.0 = Release|Any CPU
		{7D9220A8-46FE-413A-BD14-49BB403C0477}.Debug|Any CPU.ActiveCfg = Debug|Any CPU
		{7D9220A8-46FE-413A-BD14-49BB403C0477}.Debug|Any CPU.Build.0 = Debug|Any CPU
		{7D9220A8-46FE-413A-BD14-49BB403C0477}.Release|Any CPU.ActiveCfg = Release|Any CPU
		{7D9220A8-46FE-413A-BD14-49BB403C0477}.Release|Any CPU.Build.0 = Release|Any CPU
		{39E1D9AD-17CE-4B44-B47B-D18FDD8CB510}.Debug|Any CPU.ActiveCfg = Debug|Any CPU
		{39E1D9AD-17CE-4B44-B47B-D18FDD8CB510}.Debug|Any CPU.Build.0 = Debug|Any CPU
		{39E1D9AD-17CE-4B44-B47B-D18FDD8CB510}.Release|Any CPU.ActiveCfg = Release|Any CPU
		{39E1D9AD-17CE-4B44-B47B-D18FDD8CB510}.Release|Any CPU.Build.0 = Release|Any CPU
		{FD90BA23-6554-492F-B2AB-B3360A73A61B}.Debug|Any CPU.ActiveCfg = Debug|Any CPU
		{FD90BA23-6554-492F-B2AB-B3360A73A61B}.Debug|Any CPU.Build.0 = Debug|Any CPU
		{FD90BA23-6554-492F-B2AB-B3360A73A61B}.Release|Any CPU.ActiveCfg = Release|Any CPU
		{FD90BA23-6554-492F-B2AB-B3360A73A61B}.Release|Any CPU.Build.0 = Release|Any CPU
		{796A3673-4E7A-49C8-8BE1-B175B61C40F9}.Debug|Any CPU.ActiveCfg = Debug|Any CPU
		{796A3673-4E7A-49C8-8BE1-B175B61C40F9}.Debug|Any CPU.Build.0 = Debug|Any CPU
		{796A3673-4E7A-49C8-8BE1-B175B61C40F9}.Release|Any CPU.ActiveCfg = Release|Any CPU
		{796A3673-4E7A-49C8-8BE1-B175B61C40F9}.Release|Any CPU.Build.0 = Release|Any CPU
		{5C440484-A48E-46EF-99F1-393DF285588E}.Debug|Any CPU.ActiveCfg = Debug|Any CPU
		{5C440484-A48E-46EF-99F1-393DF285588E}.Debug|Any CPU.Build.0 = Debug|Any CPU
		{5C440484-A48E-46EF-99F1-393DF285588E}.Release|Any CPU.ActiveCfg = Release|Any CPU
		{5C440484-A48E-46EF-99F1-393DF285588E}.Release|Any CPU.Build.0 = Release|Any CPU
		{AE0C4A55-C6AF-46D9-93A3-85D443820FD4}.Debug|Any CPU.ActiveCfg = Debug|Any CPU
		{AE0C4A55-C6AF-46D9-93A3-85D443820FD4}.Debug|Any CPU.Build.0 = Debug|Any CPU
		{AE0C4A55-C6AF-46D9-93A3-85D443820FD4}.Release|Any CPU.ActiveCfg = Release|Any CPU
		{AE0C4A55-C6AF-46D9-93A3-85D443820FD4}.Release|Any CPU.Build.0 = Release|Any CPU
		{9027643C-E7B8-40F7-9A54-51B59735DD76}.Debug|Any CPU.ActiveCfg = Debug|Any CPU
		{9027643C-E7B8-40F7-9A54-51B59735DD76}.Debug|Any CPU.Build.0 = Debug|Any CPU
		{9027643C-E7B8-40F7-9A54-51B59735DD76}.Release|Any CPU.ActiveCfg = Release|Any CPU
		{9027643C-E7B8-40F7-9A54-51B59735DD76}.Release|Any CPU.Build.0 = Release|Any CPU
		{FF655CFA-9100-4C75-AA27-DAC6C096BE19}.Debug|Any CPU.ActiveCfg = Debug|Any CPU
		{FF655CFA-9100-4C75-AA27-DAC6C096BE19}.Debug|Any CPU.Build.0 = Debug|Any CPU
		{FF655CFA-9100-4C75-AA27-DAC6C096BE19}.Release|Any CPU.ActiveCfg = Release|Any CPU
		{FF655CFA-9100-4C75-AA27-DAC6C096BE19}.Release|Any CPU.Build.0 = Release|Any CPU
		{AE563214-6C91-4F65-BB8F-A69A3150AA25}.Debug|Any CPU.ActiveCfg = Debug|Any CPU
		{AE563214-6C91-4F65-BB8F-A69A3150AA25}.Debug|Any CPU.Build.0 = Debug|Any CPU
		{AE563214-6C91-4F65-BB8F-A69A3150AA25}.Release|Any CPU.ActiveCfg = Release|Any CPU
		{AE563214-6C91-4F65-BB8F-A69A3150AA25}.Release|Any CPU.Build.0 = Release|Any CPU
		{6B4E5EB0-DA25-4FBC-83E0-18725EB6F532}.Debug|Any CPU.ActiveCfg = Debug|Any CPU
		{6B4E5EB0-DA25-4FBC-83E0-18725EB6F532}.Debug|Any CPU.Build.0 = Debug|Any CPU
		{6B4E5EB0-DA25-4FBC-83E0-18725EB6F532}.Release|Any CPU.ActiveCfg = Release|Any CPU
		{6B4E5EB0-DA25-4FBC-83E0-18725EB6F532}.Release|Any CPU.Build.0 = Release|Any CPU
		{14706A14-42B2-49C0-B9AA-4186523C7CB3}.Debug|Any CPU.ActiveCfg = Debug|Any CPU
		{14706A14-42B2-49C0-B9AA-4186523C7CB3}.Debug|Any CPU.Build.0 = Debug|Any CPU
		{14706A14-42B2-49C0-B9AA-4186523C7CB3}.Release|Any CPU.ActiveCfg = Release|Any CPU
		{14706A14-42B2-49C0-B9AA-4186523C7CB3}.Release|Any CPU.Build.0 = Release|Any CPU
		{BD0221BF-9799-4DA8-BEC8-348D1ADD834D}.Debug|Any CPU.ActiveCfg = Debug|Any CPU
		{BD0221BF-9799-4DA8-BEC8-348D1ADD834D}.Debug|Any CPU.Build.0 = Debug|Any CPU
		{BD0221BF-9799-4DA8-BEC8-348D1ADD834D}.Release|Any CPU.ActiveCfg = Release|Any CPU
		{BD0221BF-9799-4DA8-BEC8-348D1ADD834D}.Release|Any CPU.Build.0 = Release|Any CPU
		{A31F5B99-C2DB-4162-B9B5-2EF4F623D050}.Debug|Any CPU.ActiveCfg = Debug|Any CPU
		{A31F5B99-C2DB-4162-B9B5-2EF4F623D050}.Debug|Any CPU.Build.0 = Debug|Any CPU
		{A31F5B99-C2DB-4162-B9B5-2EF4F623D050}.Release|Any CPU.ActiveCfg = Release|Any CPU
		{A31F5B99-C2DB-4162-B9B5-2EF4F623D050}.Release|Any CPU.Build.0 = Release|Any CPU
		{5209369C-442F-4A39-A68D-21EC872D3065}.Debug|Any CPU.ActiveCfg = Debug|Any CPU
		{5209369C-442F-4A39-A68D-21EC872D3065}.Debug|Any CPU.Build.0 = Debug|Any CPU
		{5209369C-442F-4A39-A68D-21EC872D3065}.Release|Any CPU.ActiveCfg = Release|Any CPU
		{5209369C-442F-4A39-A68D-21EC872D3065}.Release|Any CPU.Build.0 = Release|Any CPU
		{A0754F9E-7D8D-4CFE-B2E3-94651098CE8F}.Debug|Any CPU.ActiveCfg = Debug|Any CPU
		{A0754F9E-7D8D-4CFE-B2E3-94651098CE8F}.Debug|Any CPU.Build.0 = Debug|Any CPU
		{A0754F9E-7D8D-4CFE-B2E3-94651098CE8F}.Release|Any CPU.ActiveCfg = Release|Any CPU
		{A0754F9E-7D8D-4CFE-B2E3-94651098CE8F}.Release|Any CPU.Build.0 = Release|Any CPU
		{DC5F3426-823C-408C-8DB4-E7259155BB68}.Debug|Any CPU.ActiveCfg = Debug|Any CPU
		{DC5F3426-823C-408C-8DB4-E7259155BB68}.Debug|Any CPU.Build.0 = Debug|Any CPU
		{DC5F3426-823C-408C-8DB4-E7259155BB68}.Release|Any CPU.ActiveCfg = Release|Any CPU
		{DC5F3426-823C-408C-8DB4-E7259155BB68}.Release|Any CPU.Build.0 = Release|Any CPU
		{5971A260-CE21-4D9D-AE85-FE6019DD2931}.Debug|Any CPU.ActiveCfg = Debug|Any CPU
		{5971A260-CE21-4D9D-AE85-FE6019DD2931}.Debug|Any CPU.Build.0 = Debug|Any CPU
		{5971A260-CE21-4D9D-AE85-FE6019DD2931}.Release|Any CPU.ActiveCfg = Release|Any CPU
		{5971A260-CE21-4D9D-AE85-FE6019DD2931}.Release|Any CPU.Build.0 = Release|Any CPU
		{5BDF8C41-CB71-40B6-9EC6-F850B528D78B}.Debug|Any CPU.ActiveCfg = Debug|Any CPU
		{5BDF8C41-CB71-40B6-9EC6-F850B528D78B}.Debug|Any CPU.Build.0 = Debug|Any CPU
		{5BDF8C41-CB71-40B6-9EC6-F850B528D78B}.Release|Any CPU.ActiveCfg = Release|Any CPU
		{5BDF8C41-CB71-40B6-9EC6-F850B528D78B}.Release|Any CPU.Build.0 = Release|Any CPU
		{C039E9A0-7504-4815-8448-D2FF41370426}.Debug|Any CPU.ActiveCfg = Debug|Any CPU
		{C039E9A0-7504-4815-8448-D2FF41370426}.Debug|Any CPU.Build.0 = Debug|Any CPU
		{C039E9A0-7504-4815-8448-D2FF41370426}.Release|Any CPU.ActiveCfg = Release|Any CPU
		{C039E9A0-7504-4815-8448-D2FF41370426}.Release|Any CPU.Build.0 = Release|Any CPU
	EndGlobalSection
	GlobalSection(SolutionProperties) = preSolution
		HideSolutionNode = FALSE
	EndGlobalSection
EndGlobal
