
Microsoft Visual Studio Solution File, Format Version 12.00
# Visual Studio 14
VisualStudioVersion = 14.0.25123.0
MinimumVisualStudioVersion = 10.0.40219.1
Project("{FAE04EC0-301F-11D3-BF4B-00C04F79EFBC}") = "ForTest", "ForTest\ForTest.csproj", "{98E177BC-391E-4848-9038-2B0136FB5EB4}"
EndProject
Project("{FAE04EC0-301F-11D3-BF4B-00C04F79EFBC}") = "2016-03-15DIStudy", "2016-03-15DIStudy\2016-03-15DIStudy.csproj", "{D82BF10A-517E-4F3C-8A86-15A00AE03D14}"
EndProject
Project("{FAE04EC0-301F-11D3-BF4B-00C04F79EFBC}") = "2016-03-16答疑系统", "2016-03-16答疑系统\2016-03-16答疑系统.csproj", "{197D31FE-F42C-46AB-B030-6CC6EE3AE6FF}"
EndProject
Project("{FAE04EC0-301F-11D3-BF4B-00C04F79EFBC}") = "2016-03-22LinqStudy", "2016-03-22LinqStudy\2016-03-22LinqStudy.csproj", "{282FA97F-4B41-4717-9AB5-2A024E921DC5}"
EndProject
Project("{FAE04EC0-301F-11D3-BF4B-00C04F79EFBC}") = "2016-03-15DIStudy.Lib", "2016-03-15DIStudy.Lib\2016-03-15DIStudy.Lib.csproj", "{ED88B014-B3C1-4A27-9275-2F17285A1311}"
EndProject
Project("{FAE04EC0-301F-11D3-BF4B-00C04F79EFBC}") = "2016-03-23AsposeStudy", "Aspose\2016-03-23AsposeStudy.csproj", "{100D4F6F-185F-402C-96B3-AF33336A2D50}"
EndProject
Project("{FAE04EC0-301F-11D3-BF4B-00C04F79EFBC}") = "2016-04-01HtmlAgilityPack", "2016-04-01HtmlAgilityPack\2016-04-01HtmlAgilityPack.csproj", "{7C9670C4-DEFF-4992-9280-AA933CA2FEFD}"
EndProject
Project("{FAE04EC0-301F-11D3-BF4B-00C04F79EFBC}") = "2016-04-06 JSONP Study", "2016-04-06 JSONP Study\2016-04-06 JSONP Study.csproj", "{D747760F-070C-4FB7-A9AA-A76F9D0913E8}"
EndProject
Project("{FAE04EC0-301F-11D3-BF4B-00C04F79EFBC}") = "2016-04-08 异步Task学习", "2016-04-08 异步Task学习\2016-04-08 异步Task学习.csproj", "{9C7FFC9C-68A7-4C58-866D-0A007DFA9324}"
EndProject
Project("{FAE04EC0-301F-11D3-BF4B-00C04F79EFBC}") = "2016-04-11 学科网M站重写测试站点", "2016-04-11 学科网M站重写测试站点\2016-04-11 学科网M站重写测试站点.csproj", "{3A0A52CE-D0E1-49F3-BF3E-A689A84687CB}"
EndProject
Project("{FAE04EC0-301F-11D3-BF4B-00C04F79EFBC}") = "2016-04-17 EmitMapperStudy", "2016-04-17 EmitMapperStudy\2016-04-17 EmitMapperStudy.csproj", "{6E00F436-BF02-444E-83C1-3968CE262B06}"
EndProject
Project("{8BB2217D-0F2D-49D1-97BC-3654ED321F3B}") = "2016-04-20 延迟加载", "2016-04-20 延迟加载\2016-04-20 延迟加载.xproj", "{8FEFB7B4-79EA-4D82-9230-073487F91AAE}"
EndProject
Project("{FAE04EC0-301F-11D3-BF4B-00C04F79EFBC}") = "2016-04-21 System.Runtime.Caching Study", "2016-04-21 System.Runtime.Caching Study\2016-04-21 System.Runtime.Caching Study.csproj", "{C05E5775-2A88-47ED-8A6C-83B536CB80DF}"
EndProject
Project("{FAE04EC0-301F-11D3-BF4B-00C04F79EFBC}") = "2016-03-15DIStudy.Console", "2016-03-15DIStudy.Console\2016-03-15DIStudy.Console.csproj", "{A3253301-8DC0-4439-89EF-09A2C444B5EB}"
EndProject
Global
	GlobalSection(SolutionConfigurationPlatforms) = preSolution
		Debug|Any CPU = Debug|Any CPU
		Release|Any CPU = Release|Any CPU
	EndGlobalSection
	GlobalSection(ProjectConfigurationPlatforms) = postSolution
		{98E177BC-391E-4848-9038-2B0136FB5EB4}.Debug|Any CPU.ActiveCfg = Debug|Any CPU
		{98E177BC-391E-4848-9038-2B0136FB5EB4}.Debug|Any CPU.Build.0 = Debug|Any CPU
		{98E177BC-391E-4848-9038-2B0136FB5EB4}.Release|Any CPU.ActiveCfg = Release|Any CPU
		{98E177BC-391E-4848-9038-2B0136FB5EB4}.Release|Any CPU.Build.0 = Release|Any CPU
		{D82BF10A-517E-4F3C-8A86-15A00AE03D14}.Debug|Any CPU.ActiveCfg = Debug|Any CPU
		{D82BF10A-517E-4F3C-8A86-15A00AE03D14}.Debug|Any CPU.Build.0 = Debug|Any CPU
		{D82BF10A-517E-4F3C-8A86-15A00AE03D14}.Release|Any CPU.ActiveCfg = Release|Any CPU
		{D82BF10A-517E-4F3C-8A86-15A00AE03D14}.Release|Any CPU.Build.0 = Release|Any CPU
		{197D31FE-F42C-46AB-B030-6CC6EE3AE6FF}.Debug|Any CPU.ActiveCfg = Debug|Any CPU
		{197D31FE-F42C-46AB-B030-6CC6EE3AE6FF}.Debug|Any CPU.Build.0 = Debug|Any CPU
		{197D31FE-F42C-46AB-B030-6CC6EE3AE6FF}.Release|Any CPU.ActiveCfg = Release|Any CPU
		{197D31FE-F42C-46AB-B030-6CC6EE3AE6FF}.Release|Any CPU.Build.0 = Release|Any CPU
		{282FA97F-4B41-4717-9AB5-2A024E921DC5}.Debug|Any CPU.ActiveCfg = Debug|Any CPU
		{282FA97F-4B41-4717-9AB5-2A024E921DC5}.Debug|Any CPU.Build.0 = Debug|Any CPU
		{282FA97F-4B41-4717-9AB5-2A024E921DC5}.Release|Any CPU.ActiveCfg = Release|Any CPU
		{282FA97F-4B41-4717-9AB5-2A024E921DC5}.Release|Any CPU.Build.0 = Release|Any CPU
		{ED88B014-B3C1-4A27-9275-2F17285A1311}.Debug|Any CPU.ActiveCfg = Debug|Any CPU
		{ED88B014-B3C1-4A27-9275-2F17285A1311}.Debug|Any CPU.Build.0 = Debug|Any CPU
		{ED88B014-B3C1-4A27-9275-2F17285A1311}.Release|Any CPU.ActiveCfg = Release|Any CPU
		{ED88B014-B3C1-4A27-9275-2F17285A1311}.Release|Any CPU.Build.0 = Release|Any CPU
		{100D4F6F-185F-402C-96B3-AF33336A2D50}.Debug|Any CPU.ActiveCfg = Debug|Any CPU
		{100D4F6F-185F-402C-96B3-AF33336A2D50}.Debug|Any CPU.Build.0 = Debug|Any CPU
		{100D4F6F-185F-402C-96B3-AF33336A2D50}.Release|Any CPU.ActiveCfg = Release|Any CPU
		{100D4F6F-185F-402C-96B3-AF33336A2D50}.Release|Any CPU.Build.0 = Release|Any CPU
		{7C9670C4-DEFF-4992-9280-AA933CA2FEFD}.Debug|Any CPU.ActiveCfg = Debug|Any CPU
		{7C9670C4-DEFF-4992-9280-AA933CA2FEFD}.Debug|Any CPU.Build.0 = Debug|Any CPU
		{7C9670C4-DEFF-4992-9280-AA933CA2FEFD}.Release|Any CPU.ActiveCfg = Release|Any CPU
		{7C9670C4-DEFF-4992-9280-AA933CA2FEFD}.Release|Any CPU.Build.0 = Release|Any CPU
		{D747760F-070C-4FB7-A9AA-A76F9D0913E8}.Debug|Any CPU.ActiveCfg = Debug|Any CPU
		{D747760F-070C-4FB7-A9AA-A76F9D0913E8}.Debug|Any CPU.Build.0 = Debug|Any CPU
		{D747760F-070C-4FB7-A9AA-A76F9D0913E8}.Release|Any CPU.ActiveCfg = Release|Any CPU
		{D747760F-070C-4FB7-A9AA-A76F9D0913E8}.Release|Any CPU.Build.0 = Release|Any CPU
		{9C7FFC9C-68A7-4C58-866D-0A007DFA9324}.Debug|Any CPU.ActiveCfg = Debug|Any CPU
		{9C7FFC9C-68A7-4C58-866D-0A007DFA9324}.Debug|Any CPU.Build.0 = Debug|Any CPU
		{9C7FFC9C-68A7-4C58-866D-0A007DFA9324}.Release|Any CPU.ActiveCfg = Release|Any CPU
		{9C7FFC9C-68A7-4C58-866D-0A007DFA9324}.Release|Any CPU.Build.0 = Release|Any CPU
		{3A0A52CE-D0E1-49F3-BF3E-A689A84687CB}.Debug|Any CPU.ActiveCfg = Debug|Any CPU
		{3A0A52CE-D0E1-49F3-BF3E-A689A84687CB}.Debug|Any CPU.Build.0 = Debug|Any CPU
		{3A0A52CE-D0E1-49F3-BF3E-A689A84687CB}.Release|Any CPU.ActiveCfg = Release|Any CPU
		{3A0A52CE-D0E1-49F3-BF3E-A689A84687CB}.Release|Any CPU.Build.0 = Release|Any CPU
		{6E00F436-BF02-444E-83C1-3968CE262B06}.Debug|Any CPU.ActiveCfg = Debug|Any CPU
		{6E00F436-BF02-444E-83C1-3968CE262B06}.Debug|Any CPU.Build.0 = Debug|Any CPU
		{6E00F436-BF02-444E-83C1-3968CE262B06}.Release|Any CPU.ActiveCfg = Release|Any CPU
		{6E00F436-BF02-444E-83C1-3968CE262B06}.Release|Any CPU.Build.0 = Release|Any CPU
		{8FEFB7B4-79EA-4D82-9230-073487F91AAE}.Debug|Any CPU.ActiveCfg = Debug|Any CPU
		{8FEFB7B4-79EA-4D82-9230-073487F91AAE}.Debug|Any CPU.Build.0 = Debug|Any CPU
		{8FEFB7B4-79EA-4D82-9230-073487F91AAE}.Release|Any CPU.ActiveCfg = Release|Any CPU
		{8FEFB7B4-79EA-4D82-9230-073487F91AAE}.Release|Any CPU.Build.0 = Release|Any CPU
		{C05E5775-2A88-47ED-8A6C-83B536CB80DF}.Debug|Any CPU.ActiveCfg = Debug|Any CPU
		{C05E5775-2A88-47ED-8A6C-83B536CB80DF}.Debug|Any CPU.Build.0 = Debug|Any CPU
		{C05E5775-2A88-47ED-8A6C-83B536CB80DF}.Release|Any CPU.ActiveCfg = Release|Any CPU
		{C05E5775-2A88-47ED-8A6C-83B536CB80DF}.Release|Any CPU.Build.0 = Release|Any CPU
		{A3253301-8DC0-4439-89EF-09A2C444B5EB}.Debug|Any CPU.ActiveCfg = Debug|Any CPU
		{A3253301-8DC0-4439-89EF-09A2C444B5EB}.Debug|Any CPU.Build.0 = Debug|Any CPU
		{A3253301-8DC0-4439-89EF-09A2C444B5EB}.Release|Any CPU.ActiveCfg = Release|Any CPU
		{A3253301-8DC0-4439-89EF-09A2C444B5EB}.Release|Any CPU.Build.0 = Release|Any CPU
	EndGlobalSection
	GlobalSection(SolutionProperties) = preSolution
		HideSolutionNode = FALSE
	EndGlobalSection
EndGlobal
